// !$*UTF8*$!
{
	archiveVersion = 1;
	classes = {
	};
	objectVersion = 55;
	objects = {

/* Begin PBXBuildFile section */
		8623CF46286D212C00A9D16F /* TheMovieAPIRest.swift in Sources */ = {isa = PBXBuildFile; fileRef = 8623CF45286D212C00A9D16F /* TheMovieAPIRest.swift */; };
		8623CF49286D297C00A9D16F /* APIStatusType.swift in Sources */ = {isa = PBXBuildFile; fileRef = 8623CF48286D297C00A9D16F /* APIStatusType.swift */; };
		8623CF4B286D2AF500A9D16F /* PopularMovieResponse.swift in Sources */ = {isa = PBXBuildFile; fileRef = 8623CF4A286D2AF500A9D16F /* PopularMovieResponse.swift */; };
		8623CF4D286D2F8600A9D16F /* MovieViewController.swift in Sources */ = {isa = PBXBuildFile; fileRef = 8623CF4C286D2F8600A9D16F /* MovieViewController.swift */; };
		8623CF4F286D4BA000A9D16F /* BaseViewController.swift in Sources */ = {isa = PBXBuildFile; fileRef = 8623CF4E286D4BA000A9D16F /* BaseViewController.swift */; };
		86BC6DA4286E5B4100265A4A /* MovieCollectionViewCell.swift in Sources */ = {isa = PBXBuildFile; fileRef = 86BC6DA3286E5B4100265A4A /* MovieCollectionViewCell.swift */; };
		86BC6DA7286E60CA00265A4A /* Movie.swift in Sources */ = {isa = PBXBuildFile; fileRef = 86BC6DA6286E60CA00265A4A /* Movie.swift */; };
		86CCAD19286CDAEA00429DC8 /* AppDelegate.swift in Sources */ = {isa = PBXBuildFile; fileRef = 86CCAD18286CDAEA00429DC8 /* AppDelegate.swift */; };
		86CCAD1B286CDAEA00429DC8 /* SceneDelegate.swift in Sources */ = {isa = PBXBuildFile; fileRef = 86CCAD1A286CDAEA00429DC8 /* SceneDelegate.swift */; };
		86CCAD1D286CDAEA00429DC8 /* ViewController.swift in Sources */ = {isa = PBXBuildFile; fileRef = 86CCAD1C286CDAEA00429DC8 /* ViewController.swift */; };
		86CCAD20286CDAEA00429DC8 /* Main.storyboard in Resources */ = {isa = PBXBuildFile; fileRef = 86CCAD1E286CDAEA00429DC8 /* Main.storyboard */; };
		86CCAD22286CDAF000429DC8 /* Assets.xcassets in Resources */ = {isa = PBXBuildFile; fileRef = 86CCAD21286CDAF000429DC8 /* Assets.xcassets */; };
		86CCAD25286CDAF000429DC8 /* LaunchScreen.storyboard in Resources */ = {isa = PBXBuildFile; fileRef = 86CCAD23286CDAF000429DC8 /* LaunchScreen.storyboard */; };
		B5DA59F887C089B1A9B08A07 /* Pods_movies_app.framework in Frameworks */ = {isa = PBXBuildFile; fileRef = 52C135F839E149029BF51B44 /* Pods_movies_app.framework */; };
/* End PBXBuildFile section */

/* Begin PBXFileReference section */
		2B00D9F50AE4935218184EBD /* Pods-movies-app.debug.xcconfig */ = {isa = PBXFileReference; includeInIndex = 1; lastKnownFileType = text.xcconfig; name = "Pods-movies-app.debug.xcconfig"; path = "Target Support Files/Pods-movies-app/Pods-movies-app.debug.xcconfig"; sourceTree = "<group>"; };
		52C135F839E149029BF51B44 /* Pods_movies_app.framework */ = {isa = PBXFileReference; explicitFileType = wrapper.framework; includeInIndex = 0; path = Pods_movies_app.framework; sourceTree = BUILT_PRODUCTS_DIR; };
		8623CF45286D212C00A9D16F /* TheMovieAPIRest.swift */ = {isa = PBXFileReference; lastKnownFileType = sourcecode.swift; path = TheMovieAPIRest.swift; sourceTree = "<group>"; };
		8623CF48286D297C00A9D16F /* APIStatusType.swift */ = {isa = PBXFileReference; lastKnownFileType = sourcecode.swift; path = APIStatusType.swift; sourceTree = "<group>"; };
		8623CF4A286D2AF500A9D16F /* PopularMovieResponse.swift */ = {isa = PBXFileReference; lastKnownFileType = sourcecode.swift; path = PopularMovieResponse.swift; sourceTree = "<group>"; };
		8623CF4C286D2F8600A9D16F /* MovieViewController.swift */ = {isa = PBXFileReference; lastKnownFileType = sourcecode.swift; path = MovieViewController.swift; sourceTree = "<group>"; };
		8623CF4E286D4BA000A9D16F /* BaseViewController.swift */ = {isa = PBXFileReference; lastKnownFileType = sourcecode.swift; path = BaseViewController.swift; sourceTree = "<group>"; };
		86BC6DA3286E5B4100265A4A /* MovieCollectionViewCell.swift */ = {isa = PBXFileReference; lastKnownFileType = sourcecode.swift; path = MovieCollectionViewCell.swift; sourceTree = "<group>"; };
		86BC6DA6286E60CA00265A4A /* Movie.swift */ = {isa = PBXFileReference; lastKnownFileType = sourcecode.swift; path = Movie.swift; sourceTree = "<group>"; };
		86CCAD15286CDAEA00429DC8 /* movies-app.app */ = {isa = PBXFileReference; explicitFileType = wrapper.application; includeInIndex = 0; path = "movies-app.app"; sourceTree = BUILT_PRODUCTS_DIR; };
		86CCAD18286CDAEA00429DC8 /* AppDelegate.swift */ = {isa = PBXFileReference; lastKnownFileType = sourcecode.swift; path = AppDelegate.swift; sourceTree = "<group>"; };
		86CCAD1A286CDAEA00429DC8 /* SceneDelegate.swift */ = {isa = PBXFileReference; lastKnownFileType = sourcecode.swift; path = SceneDelegate.swift; sourceTree = "<group>"; };
		86CCAD1C286CDAEA00429DC8 /* ViewController.swift */ = {isa = PBXFileReference; lastKnownFileType = sourcecode.swift; path = ViewController.swift; sourceTree = "<group>"; };
		86CCAD1F286CDAEA00429DC8 /* Base */ = {isa = PBXFileReference; lastKnownFileType = file.storyboard; name = Base; path = Base.lproj/Main.storyboard; sourceTree = "<group>"; };
		86CCAD21286CDAF000429DC8 /* Assets.xcassets */ = {isa = PBXFileReference; lastKnownFileType = folder.assetcatalog; path = Assets.xcassets; sourceTree = "<group>"; };
		86CCAD24286CDAF000429DC8 /* Base */ = {isa = PBXFileReference; lastKnownFileType = file.storyboard; name = Base; path = Base.lproj/LaunchScreen.storyboard; sourceTree = "<group>"; };
		86CCAD26286CDAF000429DC8 /* Info.plist */ = {isa = PBXFileReference; lastKnownFileType = text.plist.xml; path = Info.plist; sourceTree = "<group>"; };
		B24241B1BCE8C09F40BBB76F /* Pods-movies-app.release.xcconfig */ = {isa = PBXFileReference; includeInIndex = 1; lastKnownFileType = text.xcconfig; name = "Pods-movies-app.release.xcconfig"; path = "Target Support Files/Pods-movies-app/Pods-movies-app.release.xcconfig"; sourceTree = "<group>"; };
/* End PBXFileReference section */

/* Begin PBXFrameworksBuildPhase section */
		86CCAD12286CDAEA00429DC8 /* Frameworks */ = {
			isa = PBXFrameworksBuildPhase;
			buildActionMask = 2147483647;
			files = (
				B5DA59F887C089B1A9B08A07 /* Pods_movies_app.framework in Frameworks */,
			);
			runOnlyForDeploymentPostprocessing = 0;
		};
/* End PBXFrameworksBuildPhase section */

/* Begin PBXGroup section */
		8623CF44286D203B00A9D16F /* Service */ = {
			isa = PBXGroup;
			children = (
				8623CF45286D212C00A9D16F /* TheMovieAPIRest.swift */,
				8623CF4A286D2AF500A9D16F /* PopularMovieResponse.swift */,
			);
			path = Service;
			sourceTree = "<group>";
		};
		8623CF47286D290500A9D16F /* Enum */ = {
			isa = PBXGroup;
			children = (
				8623CF48286D297C00A9D16F /* APIStatusType.swift */,
			);
			path = Enum;
			sourceTree = "<group>";
		};
		86BC6DA2286E5AC800265A4A /* UI */ = {
			isa = PBXGroup;
			children = (
				86BC6DA3286E5B4100265A4A /* MovieCollectionViewCell.swift */,
			);
			path = UI;
			sourceTree = "<group>";
		};
		86BC6DA5286E60B400265A4A /* Model */ = {
			isa = PBXGroup;
			children = (
				86BC6DA6286E60CA00265A4A /* Movie.swift */,
			);
			path = Model;
			sourceTree = "<group>";
		};
		86CCAD0C286CDAEA00429DC8 = {
			isa = PBXGroup;
			children = (
				86CCAD17286CDAEA00429DC8 /* movies-app */,
				86CCAD16286CDAEA00429DC8 /* Products */,
				CD7DBA97B6EAD81B4DE9F1B0 /* Pods */,
				8816D95327C701A90CDBBDB7 /* Frameworks */,
			);
			sourceTree = "<group>";
		};
		86CCAD16286CDAEA00429DC8 /* Products */ = {
			isa = PBXGroup;
			children = (
				86CCAD15286CDAEA00429DC8 /* movies-app.app */,
			);
			name = Products;
			sourceTree = "<group>";
		};
		86CCAD17286CDAEA00429DC8 /* movies-app */ = {
			isa = PBXGroup;
			children = (
				86BC6DA5286E60B400265A4A /* Model */,
				86BC6DA2286E5AC800265A4A /* UI */,
				8623CF47286D290500A9D16F /* Enum */,
				8623CF44286D203B00A9D16F /* Service */,
				86CCAD2C286D068C00429DC8 /* Controller */,
				86CCAD18286CDAEA00429DC8 /* AppDelegate.swift */,
				86CCAD1A286CDAEA00429DC8 /* SceneDelegate.swift */,
				86CCAD1C286CDAEA00429DC8 /* ViewController.swift */,
				86CCAD1E286CDAEA00429DC8 /* Main.storyboard */,
				86CCAD21286CDAF000429DC8 /* Assets.xcassets */,
				86CCAD23286CDAF000429DC8 /* LaunchScreen.storyboard */,
				86CCAD26286CDAF000429DC8 /* Info.plist */,
			);
			path = "movies-app";
			sourceTree = "<group>";
		};
		86CCAD2C286D068C00429DC8 /* Controller */ = {
			isa = PBXGroup;
			children = (
				8623CF4C286D2F8600A9D16F /* MovieViewController.swift */,
				8623CF4E286D4BA000A9D16F /* BaseViewController.swift */,
			);
			path = Controller;
			sourceTree = "<group>";
		};
		8816D95327C701A90CDBBDB7 /* Frameworks */ = {
			isa = PBXGroup;
			children = (
				52C135F839E149029BF51B44 /* Pods_movies_app.framework */,
			);
			name = Frameworks;
			sourceTree = "<group>";
		};
		CD7DBA97B6EAD81B4DE9F1B0 /* Pods */ = {
			isa = PBXGroup;
			children = (
				2B00D9F50AE4935218184EBD /* Pods-movies-app.debug.xcconfig */,
				B24241B1BCE8C09F40BBB76F /* Pods-movies-app.release.xcconfig */,
			);
			path = Pods;
			sourceTree = "<group>";
		};
/* End PBXGroup section */

/* Begin PBXNativeTarget section */
		86CCAD14286CDAEA00429DC8 /* movies-app */ = {
			isa = PBXNativeTarget;
			buildConfigurationList = 86CCAD29286CDAF000429DC8 /* Build configuration list for PBXNativeTarget "movies-app" */;
			buildPhases = (
				A34876A6A222B2698F5E3407 /* [CP] Check Pods Manifest.lock */,
				86CCAD11286CDAEA00429DC8 /* Sources */,
				86CCAD12286CDAEA00429DC8 /* Frameworks */,
				86CCAD13286CDAEA00429DC8 /* Resources */,
				2198D385518EA0F275580EEC /* [CP] Embed Pods Frameworks */,
			);
			buildRules = (
			);
			dependencies = (
			);
			name = "movies-app";
			productName = "movies-app";
			productReference = 86CCAD15286CDAEA00429DC8 /* movies-app.app */;
			productType = "com.apple.product-type.application";
		};
/* End PBXNativeTarget section */

/* Begin PBXProject section */
		86CCAD0D286CDAEA00429DC8 /* Project object */ = {
			isa = PBXProject;
			attributes = {
				BuildIndependentTargetsInParallel = 1;
				LastSwiftUpdateCheck = 1340;
				LastUpgradeCheck = 1340;
				TargetAttributes = {
					86CCAD14286CDAEA00429DC8 = {
						CreatedOnToolsVersion = 13.4.1;
					};
				};
			};
			buildConfigurationList = 86CCAD10286CDAEA00429DC8 /* Build configuration list for PBXProject "movies-app" */;
			compatibilityVersion = "Xcode 13.0";
			developmentRegion = en;
			hasScannedForEncodings = 0;
			knownRegions = (
				en,
				Base,
			);
			mainGroup = 86CCAD0C286CDAEA00429DC8;
			productRefGroup = 86CCAD16286CDAEA00429DC8 /* Products */;
			projectDirPath = "";
			projectRoot = "";
			targets = (
				86CCAD14286CDAEA00429DC8 /* movies-app */,
			);
		};
/* End PBXProject section */

/* Begin PBXResourcesBuildPhase section */
		86CCAD13286CDAEA00429DC8 /* Resources */ = {
			isa = PBXResourcesBuildPhase;
			buildActionMask = 2147483647;
			files = (
				86CCAD25286CDAF000429DC8 /* LaunchScreen.storyboard in Resources */,
				86CCAD22286CDAF000429DC8 /* Assets.xcassets in Resources */,
				86CCAD20286CDAEA00429DC8 /* Main.storyboard in Resources */,
			);
			runOnlyForDeploymentPostprocessing = 0;
		};
/* End PBXResourcesBuildPhase section */

/* Begin PBXShellScriptBuildPhase section */
		2198D385518EA0F275580EEC /* [CP] Embed Pods Frameworks */ = {
			isa = PBXShellScriptBuildPhase;
			buildActionMask = 2147483647;
			files = (
			);
			inputFileListPaths = (
				"${PODS_ROOT}/Target Support Files/Pods-movies-app/Pods-movies-app-frameworks-${CONFIGURATION}-input-files.xcfilelist",
			);
			name = "[CP] Embed Pods Frameworks";
			outputFileListPaths = (
				"${PODS_ROOT}/Target Support Files/Pods-movies-app/Pods-movies-app-frameworks-${CONFIGURATION}-output-files.xcfilelist",
			);
			runOnlyForDeploymentPostprocessing = 0;
			shellPath = /bin/sh;
			shellScript = "\"${PODS_ROOT}/Target Support Files/Pods-movies-app/Pods-movies-app-frameworks.sh\"\n";
			showEnvVarsInLog = 0;
		};
		A34876A6A222B2698F5E3407 /* [CP] Check Pods Manifest.lock */ = {
			isa = PBXShellScriptBuildPhase;
			buildActionMask = 2147483647;
			files = (
			);
			inputFileListPaths = (
			);
			inputPaths = (
				"${PODS_PODFILE_DIR_PATH}/Podfile.lock",
				"${PODS_ROOT}/Manifest.lock",
			);
			name = "[CP] Check Pods Manifest.lock";
			outputFileListPaths = (
			);
			outputPaths = (
				"$(DERIVED_FILE_DIR)/Pods-movies-app-checkManifestLockResult.txt",
			);
			runOnlyForDeploymentPostprocessing = 0;
			shellPath = /bin/sh;
			shellScript = "diff \"${PODS_PODFILE_DIR_PATH}/Podfile.lock\" \"${PODS_ROOT}/Manifest.lock\" > /dev/null\nif [ $? != 0 ] ; then\n    # print error to STDERR\n    echo \"error: The sandbox is not in sync with the Podfile.lock. Run 'pod install' or update your CocoaPods installation.\" >&2\n    exit 1\nfi\n# This output is used by Xcode 'outputs' to avoid re-running this script phase.\necho \"SUCCESS\" > \"${SCRIPT_OUTPUT_FILE_0}\"\n";
			showEnvVarsInLog = 0;
		};
/* End PBXShellScriptBuildPhase section */

/* Begin PBXSourcesBuildPhase section */
		86CCAD11286CDAEA00429DC8 /* Sources */ = {
			isa = PBXSourcesBuildPhase;
			buildActionMask = 2147483647;
			files = (
				86BC6DA7286E60CA00265A4A /* Movie.swift in Sources */,
				86CCAD1D286CDAEA00429DC8 /* ViewController.swift in Sources */,
				8623CF4D286D2F8600A9D16F /* MovieViewController.swift in Sources */,
				8623CF46286D212C00A9D16F /* TheMovieAPIRest.swift in Sources */,
				86CCAD19286CDAEA00429DC8 /* AppDelegate.swift in Sources */,
				86CCAD1B286CDAEA00429DC8 /* SceneDelegate.swift in Sources */,
				8623CF4F286D4BA000A9D16F /* BaseViewController.swift in Sources */,
				86BC6DA4286E5B4100265A4A /* MovieCollectionViewCell.swift in Sources */,
				8623CF49286D297C00A9D16F /* APIStatusType.swift in Sources */,
				8623CF4B286D2AF500A9D16F /* PopularMovieResponse.swift in Sources */,
			);
			runOnlyForDeploymentPostprocessing = 0;
		};
/* End PBXSourcesBuildPhase section */

/* Begin PBXVariantGroup section */
		86CCAD1E286CDAEA00429DC8 /* Main.storyboard */ = {
			isa = PBXVariantGroup;
			children = (
				86CCAD1F286CDAEA00429DC8 /* Base */,
			);
			name = Main.storyboard;
			sourceTree = "<group>";
		};
		86CCAD23286CDAF000429DC8 /* LaunchScreen.storyboard */ = {
			isa = PBXVariantGroup;
			children = (
				86CCAD24286CDAF000429DC8 /* Base */,
			);
			name = LaunchScreen.storyboard;
			sourceTree = "<group>";
		};
/* End PBXVariantGroup section */

/* Begin XCBuildConfiguration section */
		86CCAD27286CDAF000429DC8 /* Debug */ = {
			isa = XCBuildConfiguration;
			buildSettings = {
				ALWAYS_SEARCH_USER_PATHS = NO;
				CLANG_ANALYZER_NONNULL = YES;
				CLANG_ANALYZER_NUMBER_OBJECT_CONVERSION = YES_AGGRESSIVE;
				CLANG_CXX_LANGUAGE_STANDARD = "gnu++17";
				CLANG_ENABLE_MODULES = YES;
				CLANG_ENABLE_OBJC_ARC = YES;
				CLANG_ENABLE_OBJC_WEAK = YES;
				CLANG_WARN_BLOCK_CAPTURE_AUTORELEASING = YES;
				CLANG_WARN_BOOL_CONVERSION = YES;
				CLANG_WARN_COMMA = YES;
				CLANG_WARN_CONSTANT_CONVERSION = YES;
				CLANG_WARN_DEPRECATED_OBJC_IMPLEMENTATIONS = YES;
				CLANG_WARN_DIRECT_OBJC_ISA_USAGE = YES_ERROR;
				CLANG_WARN_DOCUMENTATION_COMMENTS = YES;
				CLANG_WARN_EMPTY_BODY = YES;
				CLANG_WARN_ENUM_CONVERSION = YES;
				CLANG_WARN_INFINITE_RECURSION = YES;
				CLANG_WARN_INT_CONVERSION = YES;
				CLANG_WARN_NON_LITERAL_NULL_CONVERSION = YES;
				CLANG_WARN_OBJC_IMPLICIT_RETAIN_SELF = YES;
				CLANG_WARN_OBJC_LITERAL_CONVERSION = YES;
				CLANG_WARN_OBJC_ROOT_CLASS = YES_ERROR;
				CLANG_WARN_QUOTED_INCLUDE_IN_FRAMEWORK_HEADER = YES;
				CLANG_WARN_RANGE_LOOP_ANALYSIS = YES;
				CLANG_WARN_STRICT_PROTOTYPES = YES;
				CLANG_WARN_SUSPICIOUS_MOVE = YES;
				CLANG_WARN_UNGUARDED_AVAILABILITY = YES_AGGRESSIVE;
				CLANG_WARN_UNREACHABLE_CODE = YES;
				CLANG_WARN__DUPLICATE_METHOD_MATCH = YES;
				COPY_PHASE_STRIP = NO;
				DEBUG_INFORMATION_FORMAT = dwarf;
				ENABLE_STRICT_OBJC_MSGSEND = YES;
				ENABLE_TESTABILITY = YES;
				GCC_C_LANGUAGE_STANDARD = gnu11;
				GCC_DYNAMIC_NO_PIC = NO;
				GCC_NO_COMMON_BLOCKS = YES;
				GCC_OPTIMIZATION_LEVEL = 0;
				GCC_PREPROCESSOR_DEFINITIONS = (
					"DEBUG=1",
					"$(inherited)",
				);
				GCC_WARN_64_TO_32_BIT_CONVERSION = YES;
				GCC_WARN_ABOUT_RETURN_TYPE = YES_ERROR;
				GCC_WARN_UNDECLARED_SELECTOR = YES;
				GCC_WARN_UNINITIALIZED_AUTOS = YES_AGGRESSIVE;
				GCC_WARN_UNUSED_FUNCTION = YES;
				GCC_WARN_UNUSED_VARIABLE = YES;
				IPHONEOS_DEPLOYMENT_TARGET = 15.5;
				MTL_ENABLE_DEBUG_INFO = INCLUDE_SOURCE;
				MTL_FAST_MATH = YES;
				ONLY_ACTIVE_ARCH = YES;
				SDKROOT = iphoneos;
				SWIFT_ACTIVE_COMPILATION_CONDITIONS = DEBUG;
				SWIFT_OPTIMIZATION_LEVEL = "-Onone";
			};
			name = Debug;
		};
		86CCAD28286CDAF000429DC8 /* Release */ = {
			isa = XCBuildConfiguration;
			buildSettings = {
				ALWAYS_SEARCH_USER_PATHS = NO;
				CLANG_ANALYZER_NONNULL = YES;
				CLANG_ANALYZER_NUMBER_OBJECT_CONVERSION = YES_AGGRESSIVE;
				CLANG_CXX_LANGUAGE_STANDARD = "gnu++17";
				CLANG_ENABLE_MODULES = YES;
				CLANG_ENABLE_OBJC_ARC = YES;
				CLANG_ENABLE_OBJC_WEAK = YES;
				CLANG_WARN_BLOCK_CAPTURE_AUTORELEASING = YES;
				CLANG_WARN_BOOL_CONVERSION = YES;
				CLANG_WARN_COMMA = YES;
				CLANG_WARN_CONSTANT_CONVERSION = YES;
				CLANG_WARN_DEPRECATED_OBJC_IMPLEMENTATIONS = YES;
				CLANG_WARN_DIRECT_OBJC_ISA_USAGE = YES_ERROR;
				CLANG_WARN_DOCUMENTATION_COMMENTS = YES;
				CLANG_WARN_EMPTY_BODY = YES;
				CLANG_WARN_ENUM_CONVERSION = YES;
				CLANG_WARN_INFINITE_RECURSION = YES;
				CLANG_WARN_INT_CONVERSION = YES;
				CLANG_WARN_NON_LITERAL_NULL_CONVERSION = YES;
				CLANG_WARN_OBJC_IMPLICIT_RETAIN_SELF = YES;
				CLANG_WARN_OBJC_LITERAL_CONVERSION = YES;
				CLANG_WARN_OBJC_ROOT_CLASS = YES_ERROR;
				CLANG_WARN_QUOTED_INCLUDE_IN_FRAMEWORK_HEADER = YES;
				CLANG_WARN_RANGE_LOOP_ANALYSIS = YES;
				CLANG_WARN_STRICT_PROTOTYPES = YES;
				CLANG_WARN_SUSPICIOUS_MOVE = YES;
				CLANG_WARN_UNGUARDED_AVAILABILITY = YES_AGGRESSIVE;
				CLANG_WARN_UNREACHABLE_CODE = YES;
				CLANG_WARN__DUPLICATE_METHOD_MATCH = YES;
				COPY_PHASE_STRIP = NO;
				DEBUG_INFORMATION_FORMAT = "dwarf-with-dsym";
				ENABLE_NS_ASSERTIONS = NO;
				ENABLE_STRICT_OBJC_MSGSEND = YES;
				GCC_C_LANGUAGE_STANDARD = gnu11;
				GCC_NO_COMMON_BLOCKS = YES;
				GCC_WARN_64_TO_32_BIT_CONVERSION = YES;
				GCC_WARN_ABOUT_RETURN_TYPE = YES_ERROR;
				GCC_WARN_UNDECLARED_SELECTOR = YES;
				GCC_WARN_UNINITIALIZED_AUTOS = YES_AGGRESSIVE;
				GCC_WARN_UNUSED_FUNCTION = YES;
				GCC_WARN_UNUSED_VARIABLE = YES;
				IPHONEOS_DEPLOYMENT_TARGET = 15.5;
				MTL_ENABLE_DEBUG_INFO = NO;
				MTL_FAST_MATH = YES;
				SDKROOT = iphoneos;
				SWIFT_COMPILATION_MODE = wholemodule;
				SWIFT_OPTIMIZATION_LEVEL = "-O";
				VALIDATE_PRODUCT = YES;
			};
			name = Release;
		};
		86CCAD2A286CDAF000429DC8 /* Debug */ = {
			isa = XCBuildConfiguration;
			baseConfigurationReference = 2B00D9F50AE4935218184EBD /* Pods-movies-app.debug.xcconfig */;
			buildSettings = {
				ASSETCATALOG_COMPILER_APPICON_NAME = AppIcon;
				ASSETCATALOG_COMPILER_GLOBAL_ACCENT_COLOR_NAME = AccentColor;
				CODE_SIGN_STYLE = Automatic;
				CURRENT_PROJECT_VERSION = 1;
				DEVELOPMENT_TEAM = L9G7SWK945;
				GENERATE_INFOPLIST_FILE = YES;
				INFOPLIST_FILE = "movies-app/Info.plist";
				INFOPLIST_KEY_UIApplicationSupportsIndirectInputEvents = YES;
				INFOPLIST_KEY_UILaunchStoryboardName = LaunchScreen;
				INFOPLIST_KEY_UIMainStoryboardFile = Main;
				INFOPLIST_KEY_UISupportedInterfaceOrientations = "";
				INFOPLIST_KEY_UISupportedInterfaceOrientations_iPad = "UIInterfaceOrientationPortrait UIInterfaceOrientationPortraitUpsideDown UIInterfaceOrientationLandscapeLeft UIInterfaceOrientationLandscapeRight";
				INFOPLIST_KEY_UISupportedInterfaceOrientations_iPhone = "UIInterfaceOrientationPortrait UIInterfaceOrientationLandscapeLeft UIInterfaceOrientationLandscapeRight";
				LD_RUNPATH_SEARCH_PATHS = (
					"$(inherited)",
					"@executable_path/Frameworks",
				);
				MARKETING_VERSION = 1.0;
				PRODUCT_BUNDLE_IDENTIFIER = "com.accenture.jpradon.movies-app";
				PRODUCT_NAME = "$(TARGET_NAME)";
				SWIFT_EMIT_LOC_STRINGS = YES;
				SWIFT_VERSION = 5.0;
				TARGETED_DEVICE_FAMILY = "1,2";
			};
			name = Debug;
		};
		86CCAD2B286CDAF000429DC8 /* Release */ = {
			isa = XCBuildConfiguration;
			baseConfigurationReference = B24241B1BCE8C09F40BBB76F /* Pods-movies-app.release.xcconfig */;
			buildSettings = {
				ASSETCATALOG_COMPILER_APPICON_NAME = AppIcon;
				ASSETCATALOG_COMPILER_GLOBAL_ACCENT_COLOR_NAME = AccentColor;
				CODE_SIGN_STYLE = Automatic;
				CURRENT_PROJECT_VERSION = 1;
				DEVELOPMENT_TEAM = L9G7SWK945;
				GENERATE_INFOPLIST_FILE = YES;
				INFOPLIST_FILE = "movies-app/Info.plist";
				INFOPLIST_KEY_UIApplicationSupportsIndirectInputEvents = YES;
				INFOPLIST_KEY_UILaunchStoryboardName = LaunchScreen;
				INFOPLIST_KEY_UIMainStoryboardFile = Main;
				INFOPLIST_KEY_UISupportedInterfaceOrientations = "";
				INFOPLIST_KEY_UISupportedInterfaceOrientations_iPad = "UIInterfaceOrientationPortrait UIInterfaceOrientationPortraitUpsideDown UIInterfaceOrientationLandscapeLeft UIInterfaceOrientationLandscapeRight";
				INFOPLIST_KEY_UISupportedInterfaceOrientations_iPhone = "UIInterfaceOrientationPortrait UIInterfaceOrientationLandscapeLeft UIInterfaceOrientationLandscapeRight";
				LD_RUNPATH_SEARCH_PATHS = (
					"$(inherited)",
					"@executable_path/Frameworks",
				);
				MARKETING_VERSION = 1.0;
				PRODUCT_BUNDLE_IDENTIFIER = "com.accenture.jpradon.movies-app";
				PRODUCT_NAME = "$(TARGET_NAME)";
				SWIFT_EMIT_LOC_STRINGS = YES;
				SWIFT_VERSION = 5.0;
				TARGETED_DEVICE_FAMILY = "1,2";
			};
			name = Release;
		};
/* End XCBuildConfiguration section */

/* Begin XCConfigurationList section */
		86CCAD10286CDAEA00429DC8 /* Build configuration list for PBXProject "movies-app" */ = {
			isa = XCConfigurationList;
			buildConfigurations = (
				86CCAD27286CDAF000429DC8 /* Debug */,
				86CCAD28286CDAF000429DC8 /* Release */,
			);
			defaultConfigurationIsVisible = 0;
			defaultConfigurationName = Release;
		};
		86CCAD29286CDAF000429DC8 /* Build configuration list for PBXNativeTarget "movies-app" */ = {
			isa = XCConfigurationList;
			buildConfigurations = (
				86CCAD2A286CDAF000429DC8 /* Debug */,
				86CCAD2B286CDAF000429DC8 /* Release */,
			);
			defaultConfigurationIsVisible = 0;
			defaultConfigurationName = Release;
		};
/* End XCConfigurationList section */
	};
	rootObject = 86CCAD0D286CDAEA00429DC8 /* Project object */;
}
